
Microsoft Visual Studio Solution File, Format Version 12.00
# Visual Studio Version 16
VisualStudioVersion = 16.0.29905.134
MinimumVisualStudioVersion = 10.0.40219.1
Project("{2150E333-8FDC-42A3-9474-1A3956D46DE8}") = "1-Presentation", "1-Presentation", "{7999D7F7-7B83-484D-84D9-2187ABED4299}"
EndProject
Project("{2150E333-8FDC-42A3-9474-1A3956D46DE8}") = "2-Application", "2-Application", "{624792C2-A393-4612-89F6-DC75A3804CB2}"
EndProject
Project("{2150E333-8FDC-42A3-9474-1A3956D46DE8}") = "3-Domain", "3-Domain", "{CB65ED39-0A1E-4DC4-9838-42A458B9B705}"
EndProject
Project("{2150E333-8FDC-42A3-9474-1A3956D46DE8}") = "4-Infrastructure", "4-Infrastructure", "{2389C404-D739-4368-9556-8A29B92FF137}"
EndProject
Project("{9A19103F-16F7-4668-BE54-9A1E7A4F7556}") = "FytSoa.Api", "FytSoa.Api\FytSoa.Api.csproj", "{6FF5710E-90D7-4662-8BAE-6B81558A45F3}"
EndProject
Project("{9A19103F-16F7-4668-BE54-9A1E7A4F7556}") = "FytSoa.Application", "FytSoa.Application\FytSoa.Application.csproj", "{6640A759-F0EE-4C25-B2D9-62B2CBE8ECFB}"
EndProject
Project("{9A19103F-16F7-4668-BE54-9A1E7A4F7556}") = "FytSoa.Model", "FytSoa.Model\FytSoa.Model.csproj", "{AA712EDB-C7B9-4DF8-BB5A-94969210CB79}"
EndProject
Project("{9A19103F-16F7-4668-BE54-9A1E7A4F7556}") = "FytSoa.Repository.Interfaces", "FytSoa.Repository.Interfaces\FytSoa.Repository.Interfaces.csproj", "{D9430DED-07CE-4C9C-8D7D-5FDBE77D1036}"
EndProject
Project("{9A19103F-16F7-4668-BE54-9A1E7A4F7556}") = "FytSoa.Common", "FytSoa.Common\FytSoa.Common.csproj", "{B7CA2F1D-6F63-447A-B991-2321D516CBC7}"
EndProject
Project("{2150E333-8FDC-42A3-9474-1A3956D46DE8}") = "5-UnitTest", "5-UnitTest", "{7B2751A3-F8D5-4708-A007-F4F69B537125}"
EndProject
Project("{9A19103F-16F7-4668-BE54-9A1E7A4F7556}") = "FytSoa.Repository.Implements", "FytSoa.Repository.Implements\FytSoa.Repository.Implements.csproj", "{DB07FDD2-86FE-46B9-800E-CD702D1EF0DB}"
EndProject
Project("{9A19103F-16F7-4668-BE54-9A1E7A4F7556}") = "FytSoa.SugarCore", "FytSoa.SugarCore\FytSoa.SugarCore.csproj", "{74437B2B-E482-4E40-9913-9466271640CE}"
EndProject
Project("{9A19103F-16F7-4668-BE54-9A1E7A4F7556}") = "FytSoa.Test", "FytSoa.Test\FytSoa.Test.csproj", "{6F9895D6-E403-4504-B30C-176467402685}"
EndProject
Project("{9A19103F-16F7-4668-BE54-9A1E7A4F7556}") = "FytSoa.Builder", "FytSoa.Builder\FytSoa.Builder.csproj", "{F26B9DF2-CA31-401A-96A9-0DC345E3A01A}"
EndProject
Global
	GlobalSection(SolutionConfigurationPlatforms) = preSolution
		Debug|Any CPU = Debug|Any CPU
		Release|Any CPU = Release|Any CPU
	EndGlobalSection
	GlobalSection(ProjectConfigurationPlatforms) = postSolution
		{6FF5710E-90D7-4662-8BAE-6B81558A45F3}.Debug|Any CPU.ActiveCfg = Debug|Any CPU
		{6FF5710E-90D7-4662-8BAE-6B81558A45F3}.Debug|Any CPU.Build.0 = Debug|Any CPU
		{6FF5710E-90D7-4662-8BAE-6B81558A45F3}.Release|Any CPU.ActiveCfg = Release|Any CPU
		{6FF5710E-90D7-4662-8BAE-6B81558A45F3}.Release|Any CPU.Build.0 = Release|Any CPU
		{6640A759-F0EE-4C25-B2D9-62B2CBE8ECFB}.Debug|Any CPU.ActiveCfg = Debug|Any CPU
		{6640A759-F0EE-4C25-B2D9-62B2CBE8ECFB}.Debug|Any CPU.Build.0 = Debug|Any CPU
		{6640A759-F0EE-4C25-B2D9-62B2CBE8ECFB}.Release|Any CPU.ActiveCfg = Release|Any CPU
		{6640A759-F0EE-4C25-B2D9-62B2CBE8ECFB}.Release|Any CPU.Build.0 = Release|Any CPU
		{AA712EDB-C7B9-4DF8-BB5A-94969210CB79}.Debug|Any CPU.ActiveCfg = Debug|Any CPU
		{AA712EDB-C7B9-4DF8-BB5A-94969210CB79}.Debug|Any CPU.Build.0 = Debug|Any CPU
		{AA712EDB-C7B9-4DF8-BB5A-94969210CB79}.Release|Any CPU.ActiveCfg = Release|Any CPU
		{AA712EDB-C7B9-4DF8-BB5A-94969210CB79}.Release|Any CPU.Build.0 = Release|Any CPU
		{D9430DED-07CE-4C9C-8D7D-5FDBE77D1036}.Debug|Any CPU.ActiveCfg = Debug|Any CPU
		{D9430DED-07CE-4C9C-8D7D-5FDBE77D1036}.Debug|Any CPU.Build.0 = Debug|Any CPU
		{D9430DED-07CE-4C9C-8D7D-5FDBE77D1036}.Release|Any CPU.ActiveCfg = Release|Any CPU
		{D9430DED-07CE-4C9C-8D7D-5FDBE77D1036}.Release|Any CPU.Build.0 = Release|Any CPU
		{B7CA2F1D-6F63-447A-B991-2321D516CBC7}.Debug|Any CPU.ActiveCfg = Debug|Any CPU
		{B7CA2F1D-6F63-447A-B991-2321D516CBC7}.Debug|Any CPU.Build.0 = Debug|Any CPU
		{B7CA2F1D-6F63-447A-B991-2321D516CBC7}.Release|Any CPU.ActiveCfg = Release|Any CPU
		{B7CA2F1D-6F63-447A-B991-2321D516CBC7}.Release|Any CPU.Build.0 = Release|Any CPU
		{DB07FDD2-86FE-46B9-800E-CD702D1EF0DB}.Debug|Any CPU.ActiveCfg = Debug|Any CPU
		{DB07FDD2-86FE-46B9-800E-CD702D1EF0DB}.Debug|Any CPU.Build.0 = Debug|Any CPU
		{DB07FDD2-86FE-46B9-800E-CD702D1EF0DB}.Release|Any CPU.ActiveCfg = Release|Any CPU
		{DB07FDD2-86FE-46B9-800E-CD702D1EF0DB}.Release|Any CPU.Build.0 = Release|Any CPU
		{74437B2B-E482-4E40-9913-9466271640CE}.Debug|Any CPU.ActiveCfg = Debug|Any CPU
		{74437B2B-E482-4E40-9913-9466271640CE}.Debug|Any CPU.Build.0 = Debug|Any CPU
		{74437B2B-E482-4E40-9913-9466271640CE}.Release|Any CPU.ActiveCfg = Release|Any CPU
		{74437B2B-E482-4E40-9913-9466271640CE}.Release|Any CPU.Build.0 = Release|Any CPU
		{6F9895D6-E403-4504-B30C-176467402685}.Debug|Any CPU.ActiveCfg = Debug|Any CPU
		{6F9895D6-E403-4504-B30C-176467402685}.Debug|Any CPU.Build.0 = Debug|Any CPU
		{6F9895D6-E403-4504-B30C-176467402685}.Release|Any CPU.ActiveCfg = Release|Any CPU
		{6F9895D6-E403-4504-B30C-176467402685}.Release|Any CPU.Build.0 = Release|Any CPU
		{F26B9DF2-CA31-401A-96A9-0DC345E3A01A}.Debug|Any CPU.ActiveCfg = Debug|Any CPU
		{F26B9DF2-CA31-401A-96A9-0DC345E3A01A}.Debug|Any CPU.Build.0 = Debug|Any CPU
		{F26B9DF2-CA31-401A-96A9-0DC345E3A01A}.Release|Any CPU.ActiveCfg = Release|Any CPU
		{F26B9DF2-CA31-401A-96A9-0DC345E3A01A}.Release|Any CPU.Build.0 = Release|Any CPU
	EndGlobalSection
	GlobalSection(SolutionProperties) = preSolution
		HideSolutionNode = FALSE
	EndGlobalSection
	GlobalSection(NestedProjects) = preSolution
		{6FF5710E-90D7-4662-8BAE-6B81558A45F3} = {7999D7F7-7B83-484D-84D9-2187ABED4299}
		{6640A759-F0EE-4C25-B2D9-62B2CBE8ECFB} = {624792C2-A393-4612-89F6-DC75A3804CB2}
		{AA712EDB-C7B9-4DF8-BB5A-94969210CB79} = {CB65ED39-0A1E-4DC4-9838-42A458B9B705}
		{D9430DED-07CE-4C9C-8D7D-5FDBE77D1036} = {CB65ED39-0A1E-4DC4-9838-42A458B9B705}
		{B7CA2F1D-6F63-447A-B991-2321D516CBC7} = {2389C404-D739-4368-9556-8A29B92FF137}
		{DB07FDD2-86FE-46B9-800E-CD702D1EF0DB} = {2389C404-D739-4368-9556-8A29B92FF137}
		{74437B2B-E482-4E40-9913-9466271640CE} = {2389C404-D739-4368-9556-8A29B92FF137}
		{6F9895D6-E403-4504-B30C-176467402685} = {7B2751A3-F8D5-4708-A007-F4F69B537125}
		{F26B9DF2-CA31-401A-96A9-0DC345E3A01A} = {2389C404-D739-4368-9556-8A29B92FF137}
	EndGlobalSection
	GlobalSection(ExtensibilityGlobals) = postSolution
		SolutionGuid = {5BA66A90-9D3A-4F41-8DD0-D7DC19E77A9F}
	EndGlobalSection
EndGlobal
